
Microsoft Visual Studio Solution File, Format Version 12.00
# Visual Studio 15
VisualStudioVersion = 15.0.28307.1022
MinimumVisualStudioVersion = 10.0.40219.1
Project("{FAE04EC0-301F-11D3-BF4B-00C04F79EFBC}") = "Kalk", "Kalk\Kalk.csproj", "{4CE01CCA-F71D-4DB0-9382-EE818D4FB358}"
EndProject
Global
	GlobalSection(SolutionConfigurationPlatforms) = preSolution
		Debug|Any CPU = Debug|Any CPU
		Release|Any CPU = Release|Any CPU
	EndGlobalSection
	GlobalSection(ProjectConfigurationPlatforms) = postSolution
		{4CE01CCA-F71D-4DB0-9382-EE818D4FB358}.Debug|Any CPU.ActiveCfg = Debug|Any CPU
		{4CE01CCA-F71D-4DB0-9382-EE818D4FB358}.Debug|Any CPU.Build.0 = Debug|Any CPU
		{4CE01CCA-F71D-4DB0-9382-EE818D4FB358}.Release|Any CPU.ActiveCfg = Release|Any CPU
		{4CE01CCA-F71D-4DB0-9382-EE818D4FB358}.Release|Any CPU.Build.0 = Release|Any CPU
	EndGlobalSection
	GlobalSection(SolutionProperties) = preSolution
		HideSolutionNode = FALSE
	EndGlobalSection
	GlobalSection(ExtensibilityGlobals) = postSolution
		SolutionGuid = {A866736E-11E3-448D-9E21-5B4569B570E3}
	EndGlobalSection
EndGlobal
